<?xml version="1.0" encoding="utf-8"?>
<Project ToolsVersion="4.0" xmlns="http://schemas.microsoft.com/developer/msbuild/2003">
  <ItemGroup>
    <Filter Include="Source Files">
      <UniqueIdentifier>{4FC737F1-C7A5-4376-A066-2A32D752A2FF}</UniqueIdentifier>
      <Extensions>cpp;c;cc;cxx;c++;cppm;ixx;def;odl;idl;hpj;bat;asm;asmx</Extensions>
    </Filter>
    <Filter Include="Header Files">
      <UniqueIdentifier>{93995380-89BD-4b04-88EB-625FBE52EBFB}</UniqueIdentifier>
      <Extensions>h;hh;hpp;hxx;h++;hm;inl;inc;ipp;xsd</Extensions>
    </Filter>
    <Filter Include="Resource Files">
      <UniqueIdentifier>{67DA6AB6-F800-4c08-8B7A-83BB121AAD01}</UniqueIdentifier>
      <Extensions>rc;ico;cur;bmp;dlg;rc2;rct;bin;rgs;gif;jpg;jpeg;jpe;resx;tiff;tif;png;wav;mfcribbon-ms</Extensions>
    </Filter>
  </ItemGroup>
  <ItemGroup>
    <ClCompile Include="main.cpp">
      <Filter>Source Files</Filter>
    </ClCompile>
    <ClCompile Include="psystem.cpp">
      <Filter>Source Files</Filter>
    </ClCompile>
    <ClCompile Include="pwin11.cpp">
      <Filter>Source Files</Filter>
    </ClCompile>
    <ClCompile Include="utility.cpp">
      <Filter>Source Files</Filter>
    </ClCompile>
    <ClCompile Include="papperance.cpp">
      <Filter>Source Files</Filter>
    </ClCompile>
    <ClCompile Include="padvappearance.cpp">
      <Filter>Source Files</Filter>
    </ClCompile>
    <ClCompile Include="pbehavior.cpp">
      <Filter>Source Files</Filter>
    </ClCompile>
    <ClCompile Include="pkeyboard.cpp">
      <Filter>Source Files</Filter>
    </ClCompile>
    <ClCompile Include="pprivacy.cpp">
      <Filter>Source Files</Filter>
    </ClCompile>
    <ClCompile Include="pbootlogon.cpp">
      <Filter>Source Files</Filter>
    </ClCompile>
    <ClCompile Include="psettingscpl.cpp">
      <Filter>Source Files</Filter>
    </ClCompile>
    <ClCompile Include="pexplorer.cpp">
      <Filter>Source Files</Filter>
    </ClCompile>
    <ClCompile Include="pnetwork.cpp">
      <Filter>Source Files</Filter>
    </ClCompile>
    <ClCompile Include="ppower.cpp">
      <Filter>Source Files</Filter>
    </ClCompile>
    <ClCompile Include="ptools.cpp">
      <Filter>Source Files</Filter>
    </ClCompile>
    <ClCompile Include="pabout.cpp">
      <Filter>Source Files</Filter>
    </ClCompile>
  </ItemGroup>
  <ItemGroup>
    <ClInclude Include="const.h">
      <Filter>Header Files</Filter>
    </ClInclude>
    <ClInclude Include="resource.h">
      <Filter>Header Files</Filter>
    </ClInclude>
    <ClInclude Include="psystem.h">
      <Filter>Header Files</Filter>
    </ClInclude>
    <ClInclude Include="pwin11.h">
      <Filter>Header Files</Filter>
    </ClInclude>
    <ClInclude Include="macro.h">
      <Filter>Header Files</Filter>
    </ClInclude>
    <ClInclude Include="utility.h">
      <Filter>Header Files</Filter>
    </ClInclude>
    <ClInclude Include="papperance.h">
      <Filter>Header Files</Filter>
    </ClInclude>
    <ClInclude Include="padvappearance.h">
      <Filter>Header Files</Filter>
    </ClInclude>
    <ClInclude Include="pbehavior.h">
      <Filter>Header Files</Filter>
    </ClInclude>
    <ClInclude Include="pkeyboard.h">
      <Filter>Header Files</Filter>
    </ClInclude>
    <ClInclude Include="pprivacy.h">
      <Filter>Header Files</Filter>
    </ClInclude>
    <ClInclude Include="pbootlogon.h">
      <Filter>Header Files</Filter>
    </ClInclude>
    <ClInclude Include="psettingscpl.h">
      <Filter>Header Files</Filter>
    </ClInclude>
    <ClInclude Include="pexplorer.h">
      <Filter>Header Files</Filter>
    </ClInclude>
    <ClInclude Include="pnetwork.h">
      <Filter>Header Files</Filter>
    </ClInclude>
    <ClInclude Include="ppower.h">
      <Filter>Header Files</Filter>
    </ClInclude>
    <ClInclude Include="ptools.h">
      <Filter>Header Files</Filter>
    </ClInclude>
    <ClInclude Include="pabout.h">
      <Filter>Header Files</Filter>
    </ClInclude>
  </ItemGroup>
  <ItemGroup>
    <ResourceCompile Include="WinTweak.rc">
      <Filter>Resource Files</Filter>
    </ResourceCompile>
  </ItemGroup>
  <ItemGroup>
    <Manifest Include="WinTweak.manifest" />
  </ItemGroup>
  <ItemGroup>
    <Image Include="cpu.ico">
      <Filter>Resource Files</Filter>
    </Image>
    <Image Include="logo.ico">
      <Filter>Resource Files</Filter>
    </Image>
  </ItemGroup>
</Project>